
Microsoft Visual Studio Solution File, Format Version 12.00
# Visual Studio Version 16
VisualStudioVersion = 16.0.30523.141
MinimumVisualStudioVersion = 10.0.40219.1
Project("{FAE04EC0-301F-11D3-BF4B-00C04F79EFBC}") = "MOQPractice", "MOQPractice\MOQPractice.csproj", "{8EA47A55-DE61-468E-9F21-BB9532DD34C4}"
EndProject
Project("{FAE04EC0-301F-11D3-BF4B-00C04F79EFBC}") = "MoqTesting", "MoqTesting\MoqTesting.csproj", "{33286A2F-88F6-47DE-BE59-1FE8515F2124}"
EndProject
Global
	GlobalSection(SolutionConfigurationPlatforms) = preSolution
		Debug|Any CPU = Debug|Any CPU
		Release|Any CPU = Release|Any CPU
	EndGlobalSection
	GlobalSection(ProjectConfigurationPlatforms) = postSolution
		{8EA47A55-DE61-468E-9F21-BB9532DD34C4}.Debug|Any CPU.ActiveCfg = Debug|Any CPU
		{8EA47A55-DE61-468E-9F21-BB9532DD34C4}.Debug|Any CPU.Build.0 = Debug|Any CPU
		{8EA47A55-DE61-468E-9F21-BB9532DD34C4}.Release|Any CPU.ActiveCfg = Release|Any CPU
		{8EA47A55-DE61-468E-9F21-BB9532DD34C4}.Release|Any CPU.Build.0 = Release|Any CPU
		{33286A2F-88F6-47DE-BE59-1FE8515F2124}.Debug|Any CPU.ActiveCfg = Debug|Any CPU
		{33286A2F-88F6-47DE-BE59-1FE8515F2124}.Debug|Any CPU.Build.0 = Debug|Any CPU
		{33286A2F-88F6-47DE-BE59-1FE8515F2124}.Release|Any CPU.ActiveCfg = Release|Any CPU
		{33286A2F-88F6-47DE-BE59-1FE8515F2124}.Release|Any CPU.Build.0 = Release|Any CPU
	EndGlobalSection
	GlobalSection(SolutionProperties) = preSolution
		HideSolutionNode = FALSE
	EndGlobalSection
	GlobalSection(ExtensibilityGlobals) = postSolution
		SolutionGuid = {29685B0B-EA43-44ED-80F8-8C027B3FF415}
	EndGlobalSection
EndGlobal
